
Microsoft Visual Studio Solution File, Format Version 12.00
# Visual Studio Version 16
VisualStudioVersion = 16.0.31424.327
MinimumVisualStudioVersion = 10.0.40219.1
Project("{FAE04EC0-301F-11D3-BF4B-00C04F79EFBC}") = "EDD_Avaliacao", "EDD_Avaliacao\EDD_Avaliacao.csproj", "{E5280743-7A80-418C-AFA2-AC8F069B412B}"
EndProject
Global
	GlobalSection(SolutionConfigurationPlatforms) = preSolution
		Debug|Any CPU = Debug|Any CPU
		Release|Any CPU = Release|Any CPU
	EndGlobalSection
	GlobalSection(ProjectConfigurationPlatforms) = postSolution
		{E5280743-7A80-418C-AFA2-AC8F069B412B}.Debug|Any CPU.ActiveCfg = Debug|Any CPU
		{E5280743-7A80-418C-AFA2-AC8F069B412B}.Debug|Any CPU.Build.0 = Debug|Any CPU
		{E5280743-7A80-418C-AFA2-AC8F069B412B}.Release|Any CPU.ActiveCfg = Release|Any CPU
		{E5280743-7A80-418C-AFA2-AC8F069B412B}.Release|Any CPU.Build.0 = Release|Any CPU
	EndGlobalSection
	GlobalSection(SolutionProperties) = preSolution
		HideSolutionNode = FALSE
	EndGlobalSection
	GlobalSection(ExtensibilityGlobals) = postSolution
		SolutionGuid = {562465E4-3C25-4FB3-9F82-99B817AAF238}
	EndGlobalSection
EndGlobal
